{
  "version": 4,
  "terraform_version": "0.12.24",
  "serial": 68,
  "lineage": "7873a842-6f19-64f7-40db-0224adcae4f4",
  "outputs": {
    "nginx_ip": {
      "value": "10.10.0.2",
      "type": "string"
    }
  },
  "resources": [
    {
      "module": "module.sa_resources",
      "mode": "data",
      "type": "google_service_account",
      "name": "training_service_account_email",
      "provider": "provider.google",
      "instances": [
        {
          "schema_version": 0,
          "attributes": {
            "account_id": "trey-sa",
            "display_name": "Training Service Account",
            "email": "trey-sa@us-gcp-ame-con-dic-sbx-1.iam.gserviceaccount.com",
            "id": "projects/us-gcp-ame-con-dic-sbx-1/serviceAccounts/trey-sa@us-gcp-ame-con-dic-sbx-1.iam.gserviceaccount.com",
            "name": "projects/us-gcp-ame-con-dic-sbx-1/serviceAccounts/trey-sa@us-gcp-ame-con-dic-sbx-1.iam.gserviceaccount.com",
            "project": "us-gcp-ame-con-dic-sbx-1",
            "unique_id": "113501072544012364871"
          }
        }
      ]
    },
    {
      "module": "module.nginx",
      "mode": "data",
      "type": "template_file",
      "name": "startup-script",
      "provider": "provider.template",
      "instances": [
        {
          "schema_version": 0,
          "attributes": {
            "filename": null,
            "id": "588e7da637a2123ad07a3f455ffd1051a028357c065ae1b0b4275ccd618e0fe2",
            "rendered": "#!/bin/bash\napt-get update -y\napt-get install -y apache2 git\ncd /var/www/html\nrm index.html -f\ngit init \ngit pull https://github.com/roitraining/space-invaders.git\n",
            "template": "#!/bin/bash\napt-get update -y\napt-get install -y apache2 git\ncd /var/www/html\nrm index.html -f\ngit init \ngit pull https://github.com/roitraining/space-invaders.git\n",
            "vars": null
          }
        }
      ]
    },
    {
      "module": "module.networking_resources",
      "mode": "managed",
      "type": "google_compute_firewall",
      "name": "ingress_firewall",
      "provider": "provider.google",
      "instances": [
        {
          "schema_version": 1,
          "attributes": {
            "allow": [
              {
                "ports": [
                  "80",
                  "22"
                ],
                "protocol": "tcp"
              }
            ],
            "creation_timestamp": "2020-06-12T06:24:21.665-07:00",
            "deny": [],
            "description": "",
            "destination_ranges": [],
            "direction": "INGRESS",
            "disabled": false,
            "enable_logging": false,
            "id": "projects/us-gcp-ame-con-dic-sbx-1/global/firewalls/trey",
            "name": "trey",
            "network": "https://www.googleapis.com/compute/v1/projects/us-gcp-ame-con-dic-sbx-1/global/networks/trey",
            "priority": 900,
            "project": "us-gcp-ame-con-dic-sbx-1",
            "self_link": "https://www.googleapis.com/compute/v1/projects/us-gcp-ame-con-dic-sbx-1/global/firewalls/trey",
            "source_ranges": [
              "0.0.0.0/0"
            ],
            "source_service_accounts": null,
            "source_tags": null,
            "target_service_accounts": null,
            "target_tags": null,
            "timeouts": null
          },
          "private": "eyJlMmJmYjczMC1lY2FhLTExZTYtOGY4OC0zNDM2M2JjN2M0YzAiOnsiY3JlYXRlIjoyNDAwMDAwMDAwMDAsImRlbGV0ZSI6MjQwMDAwMDAwMDAwLCJ1cGRhdGUiOjI0MDAwMDAwMDAwMH0sInNjaGVtYV92ZXJzaW9uIjoiMSJ9",
          "dependencies": [
            "module.networking_resources.google_compute_network.network"
          ]
        }
      ]
    },
    {
      "module": "module.nginx",
      "mode": "managed",
      "type": "google_compute_instance",
      "name": "nginx",
      "provider": "provider.google",
      "instances": [
        {
          "schema_version": 6,
          "attributes": {
            "allow_stopping_for_update": null,
            "attached_disk": [],
            "boot_disk": [
              {
                "auto_delete": true,
                "device_name": "persistent-disk-0",
                "disk_encryption_key_raw": "",
                "disk_encryption_key_sha256": "",
                "initialize_params": [
                  {
                    "image": "https://www.googleapis.com/compute/v1/projects/us-gcp-ame-con-dic-sbx-1/global/images/space-invaders",
                    "labels": {},
                    "size": 10,
                    "type": "pd-standard"
                  }
                ],
                "kms_key_self_link": "",
                "mode": "READ_WRITE",
                "source": "https://www.googleapis.com/compute/v1/projects/us-gcp-ame-con-dic-sbx-1/zones/us-west1-a/disks/trey"
              }
            ],
            "can_ip_forward": false,
            "cpu_platform": "Intel Broadwell",
            "current_status": "RUNNING",
            "deletion_protection": false,
            "description": "",
            "desired_status": null,
            "enable_display": false,
            "guest_accelerator": [],
            "hostname": "",
            "id": "projects/us-gcp-ame-con-dic-sbx-1/zones/us-west1-a/instances/trey",
            "instance_id": "2008852065866890444",
            "label_fingerprint": "42WmSpB8rSM=",
            "labels": null,
            "machine_type": "n1-standard-1",
            "metadata": null,
            "metadata_fingerprint": "shR_PSjGe50=",
            "metadata_startup_script": "#!/bin/bash\napt-get update -y\napt-get install -y apache2 git\ncd /var/www/html\nrm index.html -f\ngit init \ngit pull https://github.com/roitraining/space-invaders.git\n",
            "min_cpu_platform": "",
            "name": "trey",
            "network_interface": [
              {
                "access_config": [],
                "alias_ip_range": [],
                "name": "nic0",
                "network": "https://www.googleapis.com/compute/v1/projects/us-gcp-ame-con-dic-sbx-1/global/networks/trey",
                "network_ip": "10.10.0.2",
                "subnetwork": "https://www.googleapis.com/compute/v1/projects/us-gcp-ame-con-dic-sbx-1/regions/us-west1/subnetworks/trey",
                "subnetwork_project": "us-gcp-ame-con-dic-sbx-1"
              }
            ],
            "project": "us-gcp-ame-con-dic-sbx-1",
            "resource_policies": null,
            "scheduling": [
              {
                "automatic_restart": true,
                "node_affinities": [],
                "on_host_maintenance": "MIGRATE",
                "preemptible": false
              }
            ],
            "scratch_disk": [],
            "self_link": "https://www.googleapis.com/compute/v1/projects/us-gcp-ame-con-dic-sbx-1/zones/us-west1-a/instances/trey",
            "service_account": [
              {
                "email": "trey-sa@us-gcp-ame-con-dic-sbx-1.iam.gserviceaccount.com",
                "scopes": [
                  "https://www.googleapis.com/auth/cloud-platform"
                ]
              }
            ],
            "shielded_instance_config": [],
            "tags": null,
            "tags_fingerprint": "42WmSpB8rSM=",
            "timeouts": null,
            "zone": "us-west1-a"
          },
          "private": "eyJlMmJmYjczMC1lY2FhLTExZTYtOGY4OC0zNDM2M2JjN2M0YzAiOnsiY3JlYXRlIjoxMjAwMDAwMDAwMDAwLCJkZWxldGUiOjEyMDAwMDAwMDAwMDAsInVwZGF0ZSI6MTIwMDAwMDAwMDAwMH0sInNjaGVtYV92ZXJzaW9uIjoiNiJ9",
          "dependencies": [
            "module.networking_resources.google_compute_network.network",
            "module.networking_resources.google_compute_subnetwork.subnet",
            "module.sa_resources.google_service_account.training_service_account"
          ]
        }
      ]
    },
    {
      "module": "module.networking_resources",
      "mode": "managed",
      "type": "google_compute_network",
      "name": "network",
      "provider": "provider.google",
      "instances": [
        {
          "schema_version": 0,
          "attributes": {
            "auto_create_subnetworks": false,
            "delete_default_routes_on_create": false,
            "description": "",
            "gateway_ipv4": "",
            "id": "projects/us-gcp-ame-con-dic-sbx-1/global/networks/trey",
            "ipv4_range": null,
            "name": "trey",
            "project": "us-gcp-ame-con-dic-sbx-1",
            "routing_mode": "REGIONAL",
            "self_link": "https://www.googleapis.com/compute/v1/projects/us-gcp-ame-con-dic-sbx-1/global/networks/trey",
            "timeouts": null
          },
          "private": "eyJlMmJmYjczMC1lY2FhLTExZTYtOGY4OC0zNDM2M2JjN2M0YzAiOnsiY3JlYXRlIjoyNDAwMDAwMDAwMDAsImRlbGV0ZSI6MjQwMDAwMDAwMDAwLCJ1cGRhdGUiOjI0MDAwMDAwMDAwMH19"
        }
      ]
    },
    {
      "module": "module.networking_resources",
      "mode": "managed",
      "type": "google_compute_subnetwork",
      "name": "subnet",
      "provider": "provider.google",
      "instances": [
        {
          "schema_version": 0,
          "attributes": {
            "creation_timestamp": "2020-06-12T06:24:21.572-07:00",
            "description": "",
            "enable_flow_logs": null,
            "fingerprint": null,
            "gateway_address": "10.10.0.1",
            "id": "projects/us-gcp-ame-con-dic-sbx-1/regions/us-west1/subnetworks/trey",
            "ip_cidr_range": "10.10.0.0/16",
            "log_config": [],
            "name": "trey",
            "network": "https://www.googleapis.com/compute/v1/projects/us-gcp-ame-con-dic-sbx-1/global/networks/trey",
            "private_ip_google_access": false,
            "project": "us-gcp-ame-con-dic-sbx-1",
            "region": "us-west1",
            "secondary_ip_range": [],
            "self_link": "https://www.googleapis.com/compute/v1/projects/us-gcp-ame-con-dic-sbx-1/regions/us-west1/subnetworks/trey",
            "timeouts": null
          },
          "private": "eyJlMmJmYjczMC1lY2FhLTExZTYtOGY4OC0zNDM2M2JjN2M0YzAiOnsiY3JlYXRlIjozNjAwMDAwMDAwMDAsImRlbGV0ZSI6MzYwMDAwMDAwMDAwLCJ1cGRhdGUiOjM2MDAwMDAwMDAwMH19",
          "dependencies": [
            "module.networking_resources.google_compute_network.network"
          ]
        }
      ]
    },
    {
      "module": "module.sa_resources",
      "mode": "managed",
      "type": "google_project_iam_member",
      "name": "bind_role",
      "provider": "provider.google",
      "instances": [
        {
          "schema_version": 0,
          "attributes": {
            "etag": "BwWn4v6kanQ=",
            "id": "us-gcp-ame-con-dic-sbx-1/roles/compute.admin/serviceaccount:trey-sa@us-gcp-ame-con-dic-sbx-1.iam.gserviceaccount.com",
            "member": "serviceAccount:trey-sa@us-gcp-ame-con-dic-sbx-1.iam.gserviceaccount.com",
            "project": "us-gcp-ame-con-dic-sbx-1",
            "role": "roles/compute.admin"
          },
          "private": "bnVsbA==",
          "dependencies": [
            "module.sa_resources.google_service_account.training_service_account"
          ]
        }
      ]
    },
    {
      "module": "module.sa_resources",
      "mode": "managed",
      "type": "google_service_account",
      "name": "training_service_account",
      "provider": "provider.google",
      "instances": [
        {
          "schema_version": 0,
          "attributes": {
            "account_id": "trey-sa",
            "description": "Your GCP Project ID to provision resources",
            "display_name": "Training Service Account",
            "email": "trey-sa@us-gcp-ame-con-dic-sbx-1.iam.gserviceaccount.com",
            "id": "projects/us-gcp-ame-con-dic-sbx-1/serviceAccounts/trey-sa@us-gcp-ame-con-dic-sbx-1.iam.gserviceaccount.com",
            "name": "projects/us-gcp-ame-con-dic-sbx-1/serviceAccounts/trey-sa@us-gcp-ame-con-dic-sbx-1.iam.gserviceaccount.com",
            "project": "us-gcp-ame-con-dic-sbx-1",
            "unique_id": "113501072544012364871"
          },
          "private": "bnVsbA=="
        }
      ]
    }
  ]
}
